// !$*UTF8*$!
{
	archiveVersion = 1;
	classes = {
	};
	objectVersion = 50;
	objects = {

/* Begin PBXBuildFile section */
		28082E1E1242DC1B13AE4D21 /* Pods_stretchy_header.framework in Frameworks */ = {isa = PBXBuildFile; fileRef = 6C736C6403F0BC873A70B4A9 /* Pods_stretchy_header.framework */; };
		57D91CE624E2A036004A3D54 /* AppDelegate.swift in Sources */ = {isa = PBXBuildFile; fileRef = 57D91CE524E2A036004A3D54 /* AppDelegate.swift */; };
		57D91CE824E2A036004A3D54 /* SceneDelegate.swift in Sources */ = {isa = PBXBuildFile; fileRef = 57D91CE724E2A036004A3D54 /* SceneDelegate.swift */; };
		57D91CEA24E2A036004A3D54 /* ViewController.swift in Sources */ = {isa = PBXBuildFile; fileRef = 57D91CE924E2A036004A3D54 /* ViewController.swift */; };
		57D91CEF24E2A045004A3D54 /* Assets.xcassets in Resources */ = {isa = PBXBuildFile; fileRef = 57D91CEE24E2A045004A3D54 /* Assets.xcassets */; };
		57D91CF224E2A045004A3D54 /* LaunchScreen.storyboard in Resources */ = {isa = PBXBuildFile; fileRef = 57D91CF024E2A045004A3D54 /* LaunchScreen.storyboard */; };
		57D91CFD24E2A046004A3D54 /* stretchy_headerTests.swift in Sources */ = {isa = PBXBuildFile; fileRef = 57D91CFC24E2A046004A3D54 /* stretchy_headerTests.swift */; };
		57D91D0824E2A046004A3D54 /* stretchy_headerUITests.swift in Sources */ = {isa = PBXBuildFile; fileRef = 57D91D0724E2A046004A3D54 /* stretchy_headerUITests.swift */; };
		57D91D1624E2BA6F004A3D54 /* ImagePageViewController.swift in Sources */ = {isa = PBXBuildFile; fileRef = 57D91D1524E2BA6F004A3D54 /* ImagePageViewController.swift */; };
		57D91D1924E2BEA6004A3D54 /* ImageViewController.swift in Sources */ = {isa = PBXBuildFile; fileRef = 57D91D1824E2BEA6004A3D54 /* ImageViewController.swift */; };
		57D91D2824E3D4B3004A3D54 /* PageControl.swift in Sources */ = {isa = PBXBuildFile; fileRef = 57D91D2724E3D4B3004A3D54 /* PageControl.swift */; };
		AFFCE942A55A5A21B0741700 /* Pods_stretchy_headerTests.framework in Frameworks */ = {isa = PBXBuildFile; fileRef = 8F117B3110FED00F4E2155B4 /* Pods_stretchy_headerTests.framework */; };
		C72AA6711B7E6AD9B9BCF4A4 /* Pods_stretchy_headerUITests.framework in Frameworks */ = {isa = PBXBuildFile; fileRef = DDA8A30286FDB87000491DDC /* Pods_stretchy_headerUITests.framework */; };
/* End PBXBuildFile section */

/* Begin PBXContainerItemProxy section */
		57D91CF924E2A046004A3D54 /* PBXContainerItemProxy */ = {
			isa = PBXContainerItemProxy;
			containerPortal = 57D91CDA24E2A035004A3D54 /* Project object */;
			proxyType = 1;
			remoteGlobalIDString = 57D91CE124E2A036004A3D54;
			remoteInfo = "stretchy-header";
		};
		57D91D0424E2A046004A3D54 /* PBXContainerItemProxy */ = {
			isa = PBXContainerItemProxy;
			containerPortal = 57D91CDA24E2A035004A3D54 /* Project object */;
			proxyType = 1;
			remoteGlobalIDString = 57D91CE124E2A036004A3D54;
			remoteInfo = "stretchy-header";
		};
/* End PBXContainerItemProxy section */

/* Begin PBXFileReference section */
		05C1A743B3F36D0594BDA756 /* Pods-stretchy-header.debug.xcconfig */ = {isa = PBXFileReference; includeInIndex = 1; lastKnownFileType = text.xcconfig; name = "Pods-stretchy-header.debug.xcconfig"; path = "Pods/Target Support Files/Pods-stretchy-header/Pods-stretchy-header.debug.xcconfig"; sourceTree = "<group>"; };
		57D91CE224E2A036004A3D54 /* stretchy-header.app */ = {isa = PBXFileReference; explicitFileType = wrapper.application; includeInIndex = 0; path = "stretchy-header.app"; sourceTree = BUILT_PRODUCTS_DIR; };
		57D91CE524E2A036004A3D54 /* AppDelegate.swift */ = {isa = PBXFileReference; lastKnownFileType = sourcecode.swift; path = AppDelegate.swift; sourceTree = "<group>"; };
		57D91CE724E2A036004A3D54 /* SceneDelegate.swift */ = {isa = PBXFileReference; lastKnownFileType = sourcecode.swift; path = SceneDelegate.swift; sourceTree = "<group>"; };
		57D91CE924E2A036004A3D54 /* ViewController.swift */ = {isa = PBXFileReference; lastKnownFileType = sourcecode.swift; path = ViewController.swift; sourceTree = "<group>"; };
		57D91CEE24E2A045004A3D54 /* Assets.xcassets */ = {isa = PBXFileReference; lastKnownFileType = folder.assetcatalog; path = Assets.xcassets; sourceTree = "<group>"; };
		57D91CF124E2A045004A3D54 /* Base */ = {isa = PBXFileReference; lastKnownFileType = file.storyboard; name = Base; path = Base.lproj/LaunchScreen.storyboard; sourceTree = "<group>"; };
		57D91CF324E2A045004A3D54 /* Info.plist */ = {isa = PBXFileReference; lastKnownFileType = text.plist.xml; path = Info.plist; sourceTree = "<group>"; };
		57D91CF824E2A046004A3D54 /* stretchy-headerTests.xctest */ = {isa = PBXFileReference; explicitFileType = wrapper.cfbundle; includeInIndex = 0; path = "stretchy-headerTests.xctest"; sourceTree = BUILT_PRODUCTS_DIR; };
		57D91CFC24E2A046004A3D54 /* stretchy_headerTests.swift */ = {isa = PBXFileReference; lastKnownFileType = sourcecode.swift; path = stretchy_headerTests.swift; sourceTree = "<group>"; };
		57D91CFE24E2A046004A3D54 /* Info.plist */ = {isa = PBXFileReference; lastKnownFileType = text.plist.xml; path = Info.plist; sourceTree = "<group>"; };
		57D91D0324E2A046004A3D54 /* stretchy-headerUITests.xctest */ = {isa = PBXFileReference; explicitFileType = wrapper.cfbundle; includeInIndex = 0; path = "stretchy-headerUITests.xctest"; sourceTree = BUILT_PRODUCTS_DIR; };
		57D91D0724E2A046004A3D54 /* stretchy_headerUITests.swift */ = {isa = PBXFileReference; lastKnownFileType = sourcecode.swift; path = stretchy_headerUITests.swift; sourceTree = "<group>"; };
		57D91D0924E2A046004A3D54 /* Info.plist */ = {isa = PBXFileReference; lastKnownFileType = text.plist.xml; path = Info.plist; sourceTree = "<group>"; };
		57D91D1524E2BA6F004A3D54 /* ImagePageViewController.swift */ = {isa = PBXFileReference; lastKnownFileType = sourcecode.swift; path = ImagePageViewController.swift; sourceTree = "<group>"; };
		57D91D1824E2BEA6004A3D54 /* ImageViewController.swift */ = {isa = PBXFileReference; lastKnownFileType = sourcecode.swift; path = ImageViewController.swift; sourceTree = "<group>"; };
		57D91D2724E3D4B3004A3D54 /* PageControl.swift */ = {isa = PBXFileReference; lastKnownFileType = sourcecode.swift; path = PageControl.swift; sourceTree = "<group>"; };
		67BB40CEEF118F9FEC344942 /* Pods-stretchy-headerTests.release.xcconfig */ = {isa = PBXFileReference; includeInIndex = 1; lastKnownFileType = text.xcconfig; name = "Pods-stretchy-headerTests.release.xcconfig"; path = "Pods/Target Support Files/Pods-stretchy-headerTests/Pods-stretchy-headerTests.release.xcconfig"; sourceTree = "<group>"; };
		6C736C6403F0BC873A70B4A9 /* Pods_stretchy_header.framework */ = {isa = PBXFileReference; explicitFileType = wrapper.framework; includeInIndex = 0; path = Pods_stretchy_header.framework; sourceTree = BUILT_PRODUCTS_DIR; };
		8F117B3110FED00F4E2155B4 /* Pods_stretchy_headerTests.framework */ = {isa = PBXFileReference; explicitFileType = wrapper.framework; includeInIndex = 0; path = Pods_stretchy_headerTests.framework; sourceTree = BUILT_PRODUCTS_DIR; };
		C083BBF46D06FD0FD8D3D0EB /* Pods-stretchy-headerUITests.release.xcconfig */ = {isa = PBXFileReference; includeInIndex = 1; lastKnownFileType = text.xcconfig; name = "Pods-stretchy-headerUITests.release.xcconfig"; path = "Pods/Target Support Files/Pods-stretchy-headerUITests/Pods-stretchy-headerUITests.release.xcconfig"; sourceTree = "<group>"; };
		C27C303AEC32F1C8C4E83E9F /* Pods-stretchy-headerUITests.debug.xcconfig */ = {isa = PBXFileReference; includeInIndex = 1; lastKnownFileType = text.xcconfig; name = "Pods-stretchy-headerUITests.debug.xcconfig"; path = "Pods/Target Support Files/Pods-stretchy-headerUITests/Pods-stretchy-headerUITests.debug.xcconfig"; sourceTree = "<group>"; };
		DDA8A30286FDB87000491DDC /* Pods_stretchy_headerUITests.framework */ = {isa = PBXFileReference; explicitFileType = wrapper.framework; includeInIndex = 0; path = Pods_stretchy_headerUITests.framework; sourceTree = BUILT_PRODUCTS_DIR; };
		E7AC1350A1A4F4D8DB3FF508 /* Pods-stretchy-header.release.xcconfig */ = {isa = PBXFileReference; includeInIndex = 1; lastKnownFileType = text.xcconfig; name = "Pods-stretchy-header.release.xcconfig"; path = "Pods/Target Support Files/Pods-stretchy-header/Pods-stretchy-header.release.xcconfig"; sourceTree = "<group>"; };
		F6757A41B51E4380A238A451 /* Pods-stretchy-headerTests.debug.xcconfig */ = {isa = PBXFileReference; includeInIndex = 1; lastKnownFileType = text.xcconfig; name = "Pods-stretchy-headerTests.debug.xcconfig"; path = "Pods/Target Support Files/Pods-stretchy-headerTests/Pods-stretchy-headerTests.debug.xcconfig"; sourceTree = "<group>"; };
/* End PBXFileReference section */

/* Begin PBXFrameworksBuildPhase section */
		57D91CDF24E2A036004A3D54 /* Frameworks */ = {
			isa = PBXFrameworksBuildPhase;
			buildActionMask = 2147483647;
			files = (
				28082E1E1242DC1B13AE4D21 /* Pods_stretchy_header.framework in Frameworks */,
			);
			runOnlyForDeploymentPostprocessing = 0;
		};
		57D91CF524E2A046004A3D54 /* Frameworks */ = {
			isa = PBXFrameworksBuildPhase;
			buildActionMask = 2147483647;
			files = (
				AFFCE942A55A5A21B0741700 /* Pods_stretchy_headerTests.framework in Frameworks */,
			);
			runOnlyForDeploymentPostprocessing = 0;
		};
		57D91D0024E2A046004A3D54 /* Frameworks */ = {
			isa = PBXFrameworksBuildPhase;
			buildActionMask = 2147483647;
			files = (
				C72AA6711B7E6AD9B9BCF4A4 /* Pods_stretchy_headerUITests.framework in Frameworks */,
			);
			runOnlyForDeploymentPostprocessing = 0;
		};
/* End PBXFrameworksBuildPhase section */

/* Begin PBXGroup section */
		354A75E2549741309575B2AC /* Frameworks */ = {
			isa = PBXGroup;
			children = (
				6C736C6403F0BC873A70B4A9 /* Pods_stretchy_header.framework */,
				8F117B3110FED00F4E2155B4 /* Pods_stretchy_headerTests.framework */,
				DDA8A30286FDB87000491DDC /* Pods_stretchy_headerUITests.framework */,
			);
			name = Frameworks;
			sourceTree = "<group>";
		};
		558FC5ECC655F63014FBCA7A /* Pods */ = {
			isa = PBXGroup;
			children = (
				05C1A743B3F36D0594BDA756 /* Pods-stretchy-header.debug.xcconfig */,
				E7AC1350A1A4F4D8DB3FF508 /* Pods-stretchy-header.release.xcconfig */,
				F6757A41B51E4380A238A451 /* Pods-stretchy-headerTests.debug.xcconfig */,
				67BB40CEEF118F9FEC344942 /* Pods-stretchy-headerTests.release.xcconfig */,
				C27C303AEC32F1C8C4E83E9F /* Pods-stretchy-headerUITests.debug.xcconfig */,
				C083BBF46D06FD0FD8D3D0EB /* Pods-stretchy-headerUITests.release.xcconfig */,
			);
			name = Pods;
			sourceTree = "<group>";
		};
		57D91CD924E2A035004A3D54 = {
			isa = PBXGroup;
			children = (
				57D91CE424E2A036004A3D54 /* stretchy-header */,
				57D91CFB24E2A046004A3D54 /* stretchy-headerTests */,
				57D91D0624E2A046004A3D54 /* stretchy-headerUITests */,
				57D91CE324E2A036004A3D54 /* Products */,
				558FC5ECC655F63014FBCA7A /* Pods */,
				354A75E2549741309575B2AC /* Frameworks */,
			);
			sourceTree = "<group>";
		};
		57D91CE324E2A036004A3D54 /* Products */ = {
			isa = PBXGroup;
			children = (
				57D91CE224E2A036004A3D54 /* stretchy-header.app */,
				57D91CF824E2A046004A3D54 /* stretchy-headerTests.xctest */,
				57D91D0324E2A046004A3D54 /* stretchy-headerUITests.xctest */,
			);
			name = Products;
			sourceTree = "<group>";
		};
		57D91CE424E2A036004A3D54 /* stretchy-header */ = {
			isa = PBXGroup;
			children = (
				57D91D2624E3D49B004A3D54 /* PageControl */,
				57D91D1A24E2C7F8004A3D54 /* MainViewController */,
				57D91D1724E2BE8D004A3D54 /* ImagePageViewController */,
				57D91CE524E2A036004A3D54 /* AppDelegate.swift */,
				57D91CE724E2A036004A3D54 /* SceneDelegate.swift */,
				57D91CEE24E2A045004A3D54 /* Assets.xcassets */,
				57D91CF024E2A045004A3D54 /* LaunchScreen.storyboard */,
				57D91CF324E2A045004A3D54 /* Info.plist */,
			);
			path = "stretchy-header";
			sourceTree = "<group>";
		};
		57D91CFB24E2A046004A3D54 /* stretchy-headerTests */ = {
			isa = PBXGroup;
			children = (
				57D91CFC24E2A046004A3D54 /* stretchy_headerTests.swift */,
				57D91CFE24E2A046004A3D54 /* Info.plist */,
			);
			path = "stretchy-headerTests";
			sourceTree = "<group>";
		};
		57D91D0624E2A046004A3D54 /* stretchy-headerUITests */ = {
			isa = PBXGroup;
			children = (
				57D91D0724E2A046004A3D54 /* stretchy_headerUITests.swift */,
				57D91D0924E2A046004A3D54 /* Info.plist */,
			);
			path = "stretchy-headerUITests";
			sourceTree = "<group>";
		};
		57D91D1724E2BE8D004A3D54 /* ImagePageViewController */ = {
			isa = PBXGroup;
			children = (
				57D91D1524E2BA6F004A3D54 /* ImagePageViewController.swift */,
				57D91D1824E2BEA6004A3D54 /* ImageViewController.swift */,
			);
			path = ImagePageViewController;
			sourceTree = "<group>";
		};
		57D91D1A24E2C7F8004A3D54 /* MainViewController */ = {
			isa = PBXGroup;
			children = (
				57D91CE924E2A036004A3D54 /* ViewController.swift */,
			);
			path = MainViewController;
			sourceTree = "<group>";
		};
		57D91D2624E3D49B004A3D54 /* PageControl */ = {
			isa = PBXGroup;
			children = (
				57D91D2724E3D4B3004A3D54 /* PageControl.swift */,
			);
			path = PageControl;
			sourceTree = "<group>";
		};
/* End PBXGroup section */

/* Begin PBXNativeTarget section */
		57D91CE124E2A036004A3D54 /* stretchy-header */ = {
			isa = PBXNativeTarget;
			buildConfigurationList = 57D91D0C24E2A046004A3D54 /* Build configuration list for PBXNativeTarget "stretchy-header" */;
			buildPhases = (
				876724A113D5DFD85FDDF9E8 /* [CP] Check Pods Manifest.lock */,
				57D91CDE24E2A036004A3D54 /* Sources */,
				57D91CDF24E2A036004A3D54 /* Frameworks */,
				57D91CE024E2A036004A3D54 /* Resources */,
				366E3B6CA485B26D4E60B012 /* [CP] Embed Pods Frameworks */,
			);
			buildRules = (
			);
			dependencies = (
			);
			name = "stretchy-header";
			productName = "stretchy-header";
			productReference = 57D91CE224E2A036004A3D54 /* stretchy-header.app */;
			productType = "com.apple.product-type.application";
		};
		57D91CF724E2A046004A3D54 /* stretchy-headerTests */ = {
			isa = PBXNativeTarget;
			buildConfigurationList = 57D91D0F24E2A046004A3D54 /* Build configuration list for PBXNativeTarget "stretchy-headerTests" */;
			buildPhases = (
				31A18BC51793A983A7B4A1A3 /* [CP] Check Pods Manifest.lock */,
				57D91CF424E2A046004A3D54 /* Sources */,
				57D91CF524E2A046004A3D54 /* Frameworks */,
				57D91CF624E2A046004A3D54 /* Resources */,
			);
			buildRules = (
			);
			dependencies = (
				57D91CFA24E2A046004A3D54 /* PBXTargetDependency */,
			);
			name = "stretchy-headerTests";
			productName = "stretchy-headerTests";
			productReference = 57D91CF824E2A046004A3D54 /* stretchy-headerTests.xctest */;
			productType = "com.apple.product-type.bundle.unit-test";
		};
		57D91D0224E2A046004A3D54 /* stretchy-headerUITests */ = {
			isa = PBXNativeTarget;
			buildConfigurationList = 57D91D1224E2A046004A3D54 /* Build configuration list for PBXNativeTarget "stretchy-headerUITests" */;
			buildPhases = (
				D341CD861582667E226A957F /* [CP] Check Pods Manifest.lock */,
				57D91CFF24E2A046004A3D54 /* Sources */,
				57D91D0024E2A046004A3D54 /* Frameworks */,
				57D91D0124E2A046004A3D54 /* Resources */,
			);
			buildRules = (
			);
			dependencies = (
				57D91D0524E2A046004A3D54 /* PBXTargetDependency */,
			);
			name = "stretchy-headerUITests";
			productName = "stretchy-headerUITests";
			productReference = 57D91D0324E2A046004A3D54 /* stretchy-headerUITests.xctest */;
			productType = "com.apple.product-type.bundle.ui-testing";
		};
/* End PBXNativeTarget section */

/* Begin PBXProject section */
		57D91CDA24E2A035004A3D54 /* Project object */ = {
			isa = PBXProject;
			attributes = {
				LastSwiftUpdateCheck = 1150;
				LastUpgradeCheck = 1150;
				ORGANIZATIONNAME = "Abzal Toremuratuly";
				TargetAttributes = {
					57D91CE124E2A036004A3D54 = {
						CreatedOnToolsVersion = 11.5;
					};
					57D91CF724E2A046004A3D54 = {
						CreatedOnToolsVersion = 11.5;
						TestTargetID = 57D91CE124E2A036004A3D54;
					};
					57D91D0224E2A046004A3D54 = {
						CreatedOnToolsVersion = 11.5;
						TestTargetID = 57D91CE124E2A036004A3D54;
					};
				};
			};
			buildConfigurationList = 57D91CDD24E2A035004A3D54 /* Build configuration list for PBXProject "stretchy-header" */;
			compatibilityVersion = "Xcode 9.3";
			developmentRegion = en;
			hasScannedForEncodings = 0;
			knownRegions = (
				en,
				Base,
			);
			mainGroup = 57D91CD924E2A035004A3D54;
			productRefGroup = 57D91CE324E2A036004A3D54 /* Products */;
			projectDirPath = "";
			projectRoot = "";
			targets = (
				57D91CE124E2A036004A3D54 /* stretchy-header */,
				57D91CF724E2A046004A3D54 /* stretchy-headerTests */,
				57D91D0224E2A046004A3D54 /* stretchy-headerUITests */,
			);
		};
/* End PBXProject section */

/* Begin PBXResourcesBuildPhase section */
		57D91CE024E2A036004A3D54 /* Resources */ = {
			isa = PBXResourcesBuildPhase;
			buildActionMask = 2147483647;
			files = (
				57D91CF224E2A045004A3D54 /* LaunchScreen.storyboard in Resources */,
				57D91CEF24E2A045004A3D54 /* Assets.xcassets in Resources */,
			);
			runOnlyForDeploymentPostprocessing = 0;
		};
		57D91CF624E2A046004A3D54 /* Resources */ = {
			isa = PBXResourcesBuildPhase;
			buildActionMask = 2147483647;
			files = (
			);
			runOnlyForDeploymentPostprocessing = 0;
		};
		57D91D0124E2A046004A3D54 /* Resources */ = {
			isa = PBXResourcesBuildPhase;
			buildActionMask = 2147483647;
			files = (
			);
			runOnlyForDeploymentPostprocessing = 0;
		};
/* End PBXResourcesBuildPhase section */

/* Begin PBXShellScriptBuildPhase section */
		31A18BC51793A983A7B4A1A3 /* [CP] Check Pods Manifest.lock */ = {
			isa = PBXShellScriptBuildPhase;
			buildActionMask = 2147483647;
			files = (
			);
			inputFileListPaths = (
			);
			inputPaths = (
				"${PODS_PODFILE_DIR_PATH}/Podfile.lock",
				"${PODS_ROOT}/Manifest.lock",
			);
			name = "[CP] Check Pods Manifest.lock";
			outputFileListPaths = (
			);
			outputPaths = (
				"$(DERIVED_FILE_DIR)/Pods-stretchy-headerTests-checkManifestLockResult.txt",
			);
			runOnlyForDeploymentPostprocessing = 0;
			shellPath = /bin/sh;
			shellScript = "diff \"${PODS_PODFILE_DIR_PATH}/Podfile.lock\" \"${PODS_ROOT}/Manifest.lock\" > /dev/null\nif [ $? != 0 ] ; then\n    # print error to STDERR\n    echo \"error: The sandbox is not in sync with the Podfile.lock. Run 'pod install' or update your CocoaPods installation.\" >&2\n    exit 1\nfi\n# This output is used by Xcode 'outputs' to avoid re-running this script phase.\necho \"SUCCESS\" > \"${SCRIPT_OUTPUT_FILE_0}\"\n";
			showEnvVarsInLog = 0;
		};
		366E3B6CA485B26D4E60B012 /* [CP] Embed Pods Frameworks */ = {
			isa = PBXShellScriptBuildPhase;
			buildActionMask = 2147483647;
			files = (
			);
			inputFileListPaths = (
			);
			inputPaths = (
				"${SRCROOT}/Pods/Target Support Files/Pods-stretchy-header/Pods-stretchy-header-frameworks.sh",
				"${BUILT_PRODUCTS_DIR}/FlexiblePageControl/FlexiblePageControl.framework",
				"${BUILT_PRODUCTS_DIR}/Kingfisher/Kingfisher.framework",
				"${BUILT_PRODUCTS_DIR}/SnapKit/SnapKit.framework",
			);
			name = "[CP] Embed Pods Frameworks";
			outputFileListPaths = (
			);
			outputPaths = (
				"${TARGET_BUILD_DIR}/${FRAMEWORKS_FOLDER_PATH}/FlexiblePageControl.framework",
				"${TARGET_BUILD_DIR}/${FRAMEWORKS_FOLDER_PATH}/Kingfisher.framework",
				"${TARGET_BUILD_DIR}/${FRAMEWORKS_FOLDER_PATH}/SnapKit.framework",
			);
			runOnlyForDeploymentPostprocessing = 0;
			shellPath = /bin/sh;
			shellScript = "\"${SRCROOT}/Pods/Target Support Files/Pods-stretchy-header/Pods-stretchy-header-frameworks.sh\"\n";
			showEnvVarsInLog = 0;
		};
		876724A113D5DFD85FDDF9E8 /* [CP] Check Pods Manifest.lock */ = {
			isa = PBXShellScriptBuildPhase;
			buildActionMask = 2147483647;
			files = (
			);
			inputFileListPaths = (
			);
			inputPaths = (
				"${PODS_PODFILE_DIR_PATH}/Podfile.lock",
				"${PODS_ROOT}/Manifest.lock",
			);
			name = "[CP] Check Pods Manifest.lock";
			outputFileListPaths = (
			);
			outputPaths = (
				"$(DERIVED_FILE_DIR)/Pods-stretchy-header-checkManifestLockResult.txt",
			);
			runOnlyForDeploymentPostprocessing = 0;
			shellPath = /bin/sh;
			shellScript = "diff \"${PODS_PODFILE_DIR_PATH}/Podfile.lock\" \"${PODS_ROOT}/Manifest.lock\" > /dev/null\nif [ $? != 0 ] ; then\n    # print error to STDERR\n    echo \"error: The sandbox is not in sync with the Podfile.lock. Run 'pod install' or update your CocoaPods installation.\" >&2\n    exit 1\nfi\n# This output is used by Xcode 'outputs' to avoid re-running this script phase.\necho \"SUCCESS\" > \"${SCRIPT_OUTPUT_FILE_0}\"\n";
			showEnvVarsInLog = 0;
		};
		D341CD861582667E226A957F /* [CP] Check Pods Manifest.lock */ = {
			isa = PBXShellScriptBuildPhase;
			buildActionMask = 2147483647;
			files = (
			);
			inputFileListPaths = (
			);
			inputPaths = (
				"${PODS_PODFILE_DIR_PATH}/Podfile.lock",
				"${PODS_ROOT}/Manifest.lock",
			);
			name = "[CP] Check Pods Manifest.lock";
			outputFileListPaths = (
			);
			outputPaths = (
				"$(DERIVED_FILE_DIR)/Pods-stretchy-headerUITests-checkManifestLockResult.txt",
			);
			runOnlyForDeploymentPostprocessing = 0;
			shellPath = /bin/sh;
			shellScript = "diff \"${PODS_PODFILE_DIR_PATH}/Podfile.lock\" \"${PODS_ROOT}/Manifest.lock\" > /dev/null\nif [ $? != 0 ] ; then\n    # print error to STDERR\n    echo \"error: The sandbox is not in sync with the Podfile.lock. Run 'pod install' or update your CocoaPods installation.\" >&2\n    exit 1\nfi\n# This output is used by Xcode 'outputs' to avoid re-running this script phase.\necho \"SUCCESS\" > \"${SCRIPT_OUTPUT_FILE_0}\"\n";
			showEnvVarsInLog = 0;
		};
/* End PBXShellScriptBuildPhase section */

/* Begin PBXSourcesBuildPhase section */
		57D91CDE24E2A036004A3D54 /* Sources */ = {
			isa = PBXSourcesBuildPhase;
			buildActionMask = 2147483647;
			files = (
				57D91CEA24E2A036004A3D54 /* ViewController.swift in Sources */,
				57D91CE624E2A036004A3D54 /* AppDelegate.swift in Sources */,
				57D91D2824E3D4B3004A3D54 /* PageControl.swift in Sources */,
				57D91D1924E2BEA6004A3D54 /* ImageViewController.swift in Sources */,
				57D91CE824E2A036004A3D54 /* SceneDelegate.swift in Sources */,
				57D91D1624E2BA6F004A3D54 /* ImagePageViewController.swift in Sources */,
			);
			runOnlyForDeploymentPostprocessing = 0;
		};
		57D91CF424E2A046004A3D54 /* Sources */ = {
			isa = PBXSourcesBuildPhase;
			buildActionMask = 2147483647;
			files = (
				57D91CFD24E2A046004A3D54 /* stretchy_headerTests.swift in Sources */,
			);
			runOnlyForDeploymentPostprocessing = 0;
		};
		57D91CFF24E2A046004A3D54 /* Sources */ = {
			isa = PBXSourcesBuildPhase;
			buildActionMask = 2147483647;
			files = (
				57D91D0824E2A046004A3D54 /* stretchy_headerUITests.swift in Sources */,
			);
			runOnlyForDeploymentPostprocessing = 0;
		};
/* End PBXSourcesBuildPhase section */

/* Begin PBXTargetDependency section */
		57D91CFA24E2A046004A3D54 /* PBXTargetDependency */ = {
			isa = PBXTargetDependency;
			target = 57D91CE124E2A036004A3D54 /* stretchy-header */;
			targetProxy = 57D91CF924E2A046004A3D54 /* PBXContainerItemProxy */;
		};
		57D91D0524E2A046004A3D54 /* PBXTargetDependency */ = {
			isa = PBXTargetDependency;
			target = 57D91CE124E2A036004A3D54 /* stretchy-header */;
			targetProxy = 57D91D0424E2A046004A3D54 /* PBXContainerItemProxy */;
		};
/* End PBXTargetDependency section */

/* Begin PBXVariantGroup section */
		57D91CF024E2A045004A3D54 /* LaunchScreen.storyboard */ = {
			isa = PBXVariantGroup;
			children = (
				57D91CF124E2A045004A3D54 /* Base */,
			);
			name = LaunchScreen.storyboard;
			sourceTree = "<group>";
		};
/* End PBXVariantGroup section */

/* Begin XCBuildConfiguration section */
		57D91D0A24E2A046004A3D54 /* Debug */ = {
			isa = XCBuildConfiguration;
			buildSettings = {
				ALWAYS_SEARCH_USER_PATHS = NO;
				CLANG_ANALYZER_NONNULL = YES;
				CLANG_ANALYZER_NUMBER_OBJECT_CONVERSION = YES_AGGRESSIVE;
				CLANG_CXX_LANGUAGE_STANDARD = "gnu++14";
				CLANG_CXX_LIBRARY = "libc++";
				CLANG_ENABLE_MODULES = YES;
				CLANG_ENABLE_OBJC_ARC = YES;
				CLANG_ENABLE_OBJC_WEAK = YES;
				CLANG_WARN_BLOCK_CAPTURE_AUTORELEASING = YES;
				CLANG_WARN_BOOL_CONVERSION = YES;
				CLANG_WARN_COMMA = YES;
				CLANG_WARN_CONSTANT_CONVERSION = YES;
				CLANG_WARN_DEPRECATED_OBJC_IMPLEMENTATIONS = YES;
				CLANG_WARN_DIRECT_OBJC_ISA_USAGE = YES_ERROR;
				CLANG_WARN_DOCUMENTATION_COMMENTS = YES;
				CLANG_WARN_EMPTY_BODY = YES;
				CLANG_WARN_ENUM_CONVERSION = YES;
				CLANG_WARN_INFINITE_RECURSION = YES;
				CLANG_WARN_INT_CONVERSION = YES;
				CLANG_WARN_NON_LITERAL_NULL_CONVERSION = YES;
				CLANG_WARN_OBJC_IMPLICIT_RETAIN_SELF = YES;
				CLANG_WARN_OBJC_LITERAL_CONVERSION = YES;
				CLANG_WARN_OBJC_ROOT_CLASS = YES_ERROR;
				CLANG_WARN_RANGE_LOOP_ANALYSIS = YES;
				CLANG_WARN_STRICT_PROTOTYPES = YES;
				CLANG_WARN_SUSPICIOUS_MOVE = YES;
				CLANG_WARN_UNGUARDED_AVAILABILITY = YES_AGGRESSIVE;
				CLANG_WARN_UNREACHABLE_CODE = YES;
				CLANG_WARN__DUPLICATE_METHOD_MATCH = YES;
				COPY_PHASE_STRIP = NO;
				DEBUG_INFORMATION_FORMAT = dwarf;
				ENABLE_STRICT_OBJC_MSGSEND = YES;
				ENABLE_TESTABILITY = YES;
				GCC_C_LANGUAGE_STANDARD = gnu11;
				GCC_DYNAMIC_NO_PIC = NO;
				GCC_NO_COMMON_BLOCKS = YES;
				GCC_OPTIMIZATION_LEVEL = 0;
				GCC_PREPROCESSOR_DEFINITIONS = (
					"DEBUG=1",
					"$(inherited)",
				);
				GCC_WARN_64_TO_32_BIT_CONVERSION = YES;
				GCC_WARN_ABOUT_RETURN_TYPE = YES_ERROR;
				GCC_WARN_UNDECLARED_SELECTOR = YES;
				GCC_WARN_UNINITIALIZED_AUTOS = YES_AGGRESSIVE;
				GCC_WARN_UNUSED_FUNCTION = YES;
				GCC_WARN_UNUSED_VARIABLE = YES;
				IPHONEOS_DEPLOYMENT_TARGET = 13.5;
				MTL_ENABLE_DEBUG_INFO = INCLUDE_SOURCE;
				MTL_FAST_MATH = YES;
				ONLY_ACTIVE_ARCH = YES;
				SDKROOT = iphoneos;
				SWIFT_ACTIVE_COMPILATION_CONDITIONS = DEBUG;
				SWIFT_OPTIMIZATION_LEVEL = "-Onone";
			};
			name = Debug;
		};
		57D91D0B24E2A046004A3D54 /* Release */ = {
			isa = XCBuildConfiguration;
			buildSettings = {
				ALWAYS_SEARCH_USER_PATHS = NO;
				CLANG_ANALYZER_NONNULL = YES;
				CLANG_ANALYZER_NUMBER_OBJECT_CONVERSION = YES_AGGRESSIVE;
				CLANG_CXX_LANGUAGE_STANDARD = "gnu++14";
				CLANG_CXX_LIBRARY = "libc++";
				CLANG_ENABLE_MODULES = YES;
				CLANG_ENABLE_OBJC_ARC = YES;
				CLANG_ENABLE_OBJC_WEAK = YES;
				CLANG_WARN_BLOCK_CAPTURE_AUTORELEASING = YES;
				CLANG_WARN_BOOL_CONVERSION = YES;
				CLANG_WARN_COMMA = YES;
				CLANG_WARN_CONSTANT_CONVERSION = YES;
				CLANG_WARN_DEPRECATED_OBJC_IMPLEMENTATIONS = YES;
				CLANG_WARN_DIRECT_OBJC_ISA_USAGE = YES_ERROR;
				CLANG_WARN_DOCUMENTATION_COMMENTS = YES;
				CLANG_WARN_EMPTY_BODY = YES;
				CLANG_WARN_ENUM_CONVERSION = YES;
				CLANG_WARN_INFINITE_RECURSION = YES;
				CLANG_WARN_INT_CONVERSION = YES;
				CLANG_WARN_NON_LITERAL_NULL_CONVERSION = YES;
				CLANG_WARN_OBJC_IMPLICIT_RETAIN_SELF = YES;
				CLANG_WARN_OBJC_LITERAL_CONVERSION = YES;
				CLANG_WARN_OBJC_ROOT_CLASS = YES_ERROR;
				CLANG_WARN_RANGE_LOOP_ANALYSIS = YES;
				CLANG_WARN_STRICT_PROTOTYPES = YES;
				CLANG_WARN_SUSPICIOUS_MOVE = YES;
				CLANG_WARN_UNGUARDED_AVAILABILITY = YES_AGGRESSIVE;
				CLANG_WARN_UNREACHABLE_CODE = YES;
				CLANG_WARN__DUPLICATE_METHOD_MATCH = YES;
				COPY_PHASE_STRIP = NO;
				DEBUG_INFORMATION_FORMAT = "dwarf-with-dsym";
				ENABLE_NS_ASSERTIONS = NO;
				ENABLE_STRICT_OBJC_MSGSEND = YES;
				GCC_C_LANGUAGE_STANDARD = gnu11;
				GCC_NO_COMMON_BLOCKS = YES;
				GCC_WARN_64_TO_32_BIT_CONVERSION = YES;
				GCC_WARN_ABOUT_RETURN_TYPE = YES_ERROR;
				GCC_WARN_UNDECLARED_SELECTOR = YES;
				GCC_WARN_UNINITIALIZED_AUTOS = YES_AGGRESSIVE;
				GCC_WARN_UNUSED_FUNCTION = YES;
				GCC_WARN_UNUSED_VARIABLE = YES;
				IPHONEOS_DEPLOYMENT_TARGET = 13.5;
				MTL_ENABLE_DEBUG_INFO = NO;
				MTL_FAST_MATH = YES;
				SDKROOT = iphoneos;
				SWIFT_COMPILATION_MODE = wholemodule;
				SWIFT_OPTIMIZATION_LEVEL = "-O";
				VALIDATE_PRODUCT = YES;
			};
			name = Release;
		};
		57D91D0D24E2A046004A3D54 /* Debug */ = {
			isa = XCBuildConfiguration;
			baseConfigurationReference = 05C1A743B3F36D0594BDA756 /* Pods-stretchy-header.debug.xcconfig */;
			buildSettings = {
				ASSETCATALOG_COMPILER_APPICON_NAME = AppIcon;
				CODE_SIGN_STYLE = Automatic;
				DEVELOPMENT_TEAM = 77Z22JCT9H;
				INFOPLIST_FILE = "stretchy-header/Info.plist";
				LD_RUNPATH_SEARCH_PATHS = (
					"$(inherited)",
					"@executable_path/Frameworks",
				);
				PRODUCT_BUNDLE_IDENTIFIER = "onefit.stretchy-header";
				PRODUCT_NAME = "$(TARGET_NAME)";
				SWIFT_VERSION = 5.0;
				TARGETED_DEVICE_FAMILY = "1,2";
			};
			name = Debug;
		};
		57D91D0E24E2A046004A3D54 /* Release */ = {
			isa = XCBuildConfiguration;
			baseConfigurationReference = E7AC1350A1A4F4D8DB3FF508 /* Pods-stretchy-header.release.xcconfig */;
			buildSettings = {
				ASSETCATALOG_COMPILER_APPICON_NAME = AppIcon;
				CODE_SIGN_STYLE = Automatic;
				DEVELOPMENT_TEAM = 77Z22JCT9H;
				INFOPLIST_FILE = "stretchy-header/Info.plist";
				LD_RUNPATH_SEARCH_PATHS = (
					"$(inherited)",
					"@executable_path/Frameworks",
				);
				PRODUCT_BUNDLE_IDENTIFIER = "onefit.stretchy-header";
				PRODUCT_NAME = "$(TARGET_NAME)";
				SWIFT_VERSION = 5.0;
				TARGETED_DEVICE_FAMILY = "1,2";
			};
			name = Release;
		};
		57D91D1024E2A046004A3D54 /* Debug */ = {
			isa = XCBuildConfiguration;
			baseConfigurationReference = F6757A41B51E4380A238A451 /* Pods-stretchy-headerTests.debug.xcconfig */;
			buildSettings = {
				ALWAYS_EMBED_SWIFT_STANDARD_LIBRARIES = YES;
				BUNDLE_LOADER = "$(TEST_HOST)";
				CODE_SIGN_STYLE = Automatic;
				DEVELOPMENT_TEAM = 77Z22JCT9H;
				INFOPLIST_FILE = "stretchy-headerTests/Info.plist";
				IPHONEOS_DEPLOYMENT_TARGET = 13.5;
				LD_RUNPATH_SEARCH_PATHS = (
					"$(inherited)",
					"@executable_path/Frameworks",
					"@loader_path/Frameworks",
				);
				PRODUCT_BUNDLE_IDENTIFIER = "onefit.stretchy-headerTests";
				PRODUCT_NAME = "$(TARGET_NAME)";
				SWIFT_VERSION = 5.0;
				TARGETED_DEVICE_FAMILY = "1,2";
				TEST_HOST = "$(BUILT_PRODUCTS_DIR)/stretchy-header.app/stretchy-header";
			};
			name = Debug;
		};
		57D91D1124E2A046004A3D54 /* Release */ = {
			isa = XCBuildConfiguration;
			baseConfigurationReference = 67BB40CEEF118F9FEC344942 /* Pods-stretchy-headerTests.release.xcconfig */;
			buildSettings = {
				ALWAYS_EMBED_SWIFT_STANDARD_LIBRARIES = YES;
				BUNDLE_LOADER = "$(TEST_HOST)";
				CODE_SIGN_STYLE = Automatic;
				DEVELOPMENT_TEAM = 77Z22JCT9H;
				INFOPLIST_FILE = "stretchy-headerTests/Info.plist";
				IPHONEOS_DEPLOYMENT_TARGET = 13.5;
				LD_RUNPATH_SEARCH_PATHS = (
					"$(inherited)",
					"@executable_path/Frameworks",
					"@loader_path/Frameworks",
				);
				PRODUCT_BUNDLE_IDENTIFIER = "onefit.stretchy-headerTests";
				PRODUCT_NAME = "$(TARGET_NAME)";
				SWIFT_VERSION = 5.0;
				TARGETED_DEVICE_FAMILY = "1,2";
				TEST_HOST = "$(BUILT_PRODUCTS_DIR)/stretchy-header.app/stretchy-header";
			};
			name = Release;
		};
		57D91D1324E2A046004A3D54 /* Debug */ = {
			isa = XCBuildConfiguration;
			baseConfigurationReference = C27C303AEC32F1C8C4E83E9F /* Pods-stretchy-headerUITests.debug.xcconfig */;
			buildSettings = {
				ALWAYS_EMBED_SWIFT_STANDARD_LIBRARIES = YES;
				CODE_SIGN_STYLE = Automatic;
				DEVELOPMENT_TEAM = 77Z22JCT9H;
				INFOPLIST_FILE = "stretchy-headerUITests/Info.plist";
				LD_RUNPATH_SEARCH_PATHS = (
					"$(inherited)",
					"@executable_path/Frameworks",
					"@loader_path/Frameworks",
				);
				PRODUCT_BUNDLE_IDENTIFIER = "onefit.stretchy-headerUITests";
				PRODUCT_NAME = "$(TARGET_NAME)";
				SWIFT_VERSION = 5.0;
				TARGETED_DEVICE_FAMILY = "1,2";
				TEST_TARGET_NAME = "stretchy-header";
			};
			name = Debug;
		};
		57D91D1424E2A046004A3D54 /* Release */ = {
			isa = XCBuildConfiguration;
			baseConfigurationReference = C083BBF46D06FD0FD8D3D0EB /* Pods-stretchy-headerUITests.release.xcconfig */;
			buildSettings = {
				ALWAYS_EMBED_SWIFT_STANDARD_LIBRARIES = YES;
				CODE_SIGN_STYLE = Automatic;
				DEVELOPMENT_TEAM = 77Z22JCT9H;
				INFOPLIST_FILE = "stretchy-headerUITests/Info.plist";
				LD_RUNPATH_SEARCH_PATHS = (
					"$(inherited)",
					"@executable_path/Frameworks",
					"@loader_path/Frameworks",
				);
				PRODUCT_BUNDLE_IDENTIFIER = "onefit.stretchy-headerUITests";
				PRODUCT_NAME = "$(TARGET_NAME)";
				SWIFT_VERSION = 5.0;
				TARGETED_DEVICE_FAMILY = "1,2";
				TEST_TARGET_NAME = "stretchy-header";
			};
			name = Release;
		};
/* End XCBuildConfiguration section */

/* Begin XCConfigurationList section */
		57D91CDD24E2A035004A3D54 /* Build configuration list for PBXProject "stretchy-header" */ = {
			isa = XCConfigurationList;
			buildConfigurations = (
				57D91D0A24E2A046004A3D54 /* Debug */,
				57D91D0B24E2A046004A3D54 /* Release */,
			);
			defaultConfigurationIsVisible = 0;
			defaultConfigurationName = Release;
		};
		57D91D0C24E2A046004A3D54 /* Build configuration list for PBXNativeTarget "stretchy-header" */ = {
			isa = XCConfigurationList;
			buildConfigurations = (
				57D91D0D24E2A046004A3D54 /* Debug */,
				57D91D0E24E2A046004A3D54 /* Release */,
			);
			defaultConfigurationIsVisible = 0;
			defaultConfigurationName = Release;
		};
		57D91D0F24E2A046004A3D54 /* Build configuration list for PBXNativeTarget "stretchy-headerTests" */ = {
			isa = XCConfigurationList;
			buildConfigurations = (
				57D91D1024E2A046004A3D54 /* Debug */,
				57D91D1124E2A046004A3D54 /* Release */,
			);
			defaultConfigurationIsVisible = 0;
			defaultConfigurationName = Release;
		};
		57D91D1224E2A046004A3D54 /* Build configuration list for PBXNativeTarget "stretchy-headerUITests" */ = {
			isa = XCConfigurationList;
			buildConfigurations = (
				57D91D1324E2A046004A3D54 /* Debug */,
				57D91D1424E2A046004A3D54 /* Release */,
			);
			defaultConfigurationIsVisible = 0;
			defaultConfigurationName = Release;
		};
/* End XCConfigurationList section */
	};
	rootObject = 57D91CDA24E2A035004A3D54 /* Project object */;
}
